PODS:
  - Flutter (1.0.0)
  - iOSDFULibrary (4.13.0):
    - ZIPFoundation (= 0.9.11)
  - nordic_dfu (1.0.0):
    - Flutter
    - iOSDFULibrary (~> 4.13.0)
  - package_info_plus (0.4.5):
    - Flutter
  - permission_handler_apple (9.0.4):
    - Flutter
  - Protobuf (3.21.12)
  - reactive_ble_mobile (0.0.1):
    - Flutter
    - Protobuf (~> 3.5)
    - SwiftProtobuf (~> 1.0)
  - shared_preferences_foundation (0.0.1):
    - Flutter
    - FlutterMacOS
  - SwiftProtobuf (1.20.3)
  - url_launcher_ios (0.0.1):
    - Flutter
  - ZIPFoundation (0.9.11)

DEPENDENCIES:
  - Flutter (from `Flutter`)
  - nordic_dfu (from `.symlinks/plugins/nordic_dfu/ios`)
  - package_info_plus (from `.symlinks/plugins/package_info_plus/ios`)
  - permission_handler_apple (from `.symlinks/plugins/permission_handler_apple/ios`)
  - reactive_ble_mobile (from `.symlinks/plugins/reactive_ble_mobile/ios`)
  - shared_preferences_foundation (from `.symlinks/plugins/shared_preferences_foundation/ios`)
  - url_launcher_ios (from `.symlinks/plugins/url_launcher_ios/ios`)

SPEC REPOS:
  trunk:
    - iOSDFULibrary
    - Protobuf
    - SwiftProtobuf
    - ZIPFoundation

EXTERNAL SOURCES:
  Flutter:
    :path: Flutter
  nordic_dfu:
    :path: ".symlinks/plugins/nordic_dfu/ios"
  package_info_plus:
    :path: ".symlinks/plugins/package_info_plus/ios"
  permission_handler_apple:
    :path: ".symlinks/plugins/permission_handler_apple/ios"
  reactive_ble_mobile:
    :path: ".symlinks/plugins/reactive_ble_mobile/ios"
  shared_preferences_foundation:
    :path: ".symlinks/plugins/shared_preferences_foundation/ios"
  url_launcher_ios:
    :path: ".symlinks/plugins/url_launcher_ios/ios"

SPEC CHECKSUMS:
  Flutter: f04841e97a9d0b0a8025694d0796dd46242b2854
  iOSDFULibrary: 3b9de67ed4bfb901b5f09c2fea843f65e152612d
  nordic_dfu: 7021f855ea18b9d29842a849c488c1eb8c25487e
  package_info_plus: 6c92f08e1f853dc01228d6f553146438dafcd14e
  permission_handler_apple: 44366e37eaf29454a1e7b1b7d736c2cceaeb17ce
  Protobuf: 120350fc38646e2dedc26f49ecba778184ea1de2
  reactive_ble_mobile: 9ce6723d37ccf701dbffd202d487f23f5de03b4c
  shared_preferences_foundation: 297b3ebca31b34ec92be11acd7fb0ba932c822ca
  SwiftProtobuf: b02b5075dcf60c9f5f403000b3b0c202a11b6ae1
  url_launcher_ios: ae1517e5e344f5544fb090b079e11f399dfbe4d2
  ZIPFoundation: b1f0de4eed33e74a676f76e12559ab6b75990197

PODFILE CHECKSUM: 4e8f8b2be68aeea4c0d5beb6ff1e79fface1d048

COCOAPODS: 1.11.3
